// !$*UTF8*$!
{
	archiveVersion = 1;
	classes = {
	};
	objectVersion = 46;
	objects = {

/* Begin PBXBuildFile section */
		B84679A11B0B97590078A32D /* main.m in Sources */ = {isa = PBXBuildFile; fileRef = B84679A01B0B97590078A32D /* main.m */; };
		B84679A41B0B97590078A32D /* AppDelegate.m in Sources */ = {isa = PBXBuildFile; fileRef = B84679A31B0B97590078A32D /* AppDelegate.m */; };
		B84679A71B0B97590078A32D /* ViewController.m in Sources */ = {isa = PBXBuildFile; fileRef = B84679A61B0B97590078A32D /* ViewController.m */; };
		B84679AA1B0B97590078A32D /* Main.storyboard in Resources */ = {isa = PBXBuildFile; fileRef = B84679A81B0B97590078A32D /* Main.storyboard */; };
		B84679AC1B0B97590078A32D /* Images.xcassets in Resources */ = {isa = PBXBuildFile; fileRef = B84679AB1B0B97590078A32D /* Images.xcassets */; };
		B84679AF1B0B97590078A32D /* LaunchScreen.xib in Resources */ = {isa = PBXBuildFile; fileRef = B84679AD1B0B97590078A32D /* LaunchScreen.xib */; };
		B84679BB1B0B97590078A32D /* githubTestTests.m in Sources */ = {isa = PBXBuildFile; fileRef = B84679BA1B0B97590078A32D /* githubTestTests.m */; };
/* End PBXBuildFile section */

/* Begin PBXContainerItemProxy section */
		B84679B51B0B97590078A32D /* PBXContainerItemProxy */ = {
			isa = PBXContainerItemProxy;
			containerPortal = B84679931B0B97590078A32D /* Project object */;
			proxyType = 1;
			remoteGlobalIDString = B846799A1B0B97590078A32D;
			remoteInfo = githubTest;
		};
/* End PBXContainerItemProxy section */

/* Begin PBXFileReference section */
		B846799B1B0B97590078A32D /* githubTest.app */ = {isa = PBXFileReference; explicitFileType = wrapper.application; includeInIndex = 0; path = githubTest.app; sourceTree = BUILT_PRODUCTS_DIR; };
		B846799F1B0B97590078A32D /* Info.plist */ = {isa = PBXFileReference; lastKnownFileType = text.plist.xml; path = Info.plist; sourceTree = "<group>"; };
		B84679A01B0B97590078A32D /* main.m */ = {isa = PBXFileReference; lastKnownFileType = sourcecode.c.objc; path = main.m; sourceTree = "<group>"; };
		B84679A21B0B97590078A32D /* AppDelegate.h */ = {isa = PBXFileReference; lastKnownFileType = sourcecode.c.h; path = AppDelegate.h; sourceTree = "<group>"; };
		B84679A31B0B97590078A32D /* AppDelegate.m */ = {isa = PBXFileReference; lastKnownFileType = sourcecode.c.objc; path = AppDelegate.m; sourceTree = "<group>"; };
		B84679A51B0B97590078A32D /* ViewController.h */ = {isa = PBXFileReference; lastKnownFileType = sourcecode.c.h; path = ViewController.h; sourceTree = "<group>"; };
		B84679A61B0B97590078A32D /* ViewController.m */ = {isa = PBXFileReference; lastKnownFileType = sourcecode.c.objc; path = ViewController.m; sourceTree = "<group>"; };
		B84679A91B0B97590078A32D /* Base */ = {isa = PBXFileReference; lastKnownFileType = file.storyboard; name = Base; path = Base.lproj/Main.storyboard; sourceTree = "<group>"; };
		B84679AB1B0B97590078A32D /* Images.xcassets */ = {isa = PBXFileReference; lastKnownFileType = folder.assetcatalog; path = Images.xcassets; sourceTree = "<group>"; };
		B84679AE1B0B97590078A32D /* Base */ = {isa = PBXFileReference; lastKnownFileType = file.xib; name = Base; path = Base.lproj/LaunchScreen.xib; sourceTree = "<group>"; };
		B84679B41B0B97590078A32D /* githubTestTests.xctest */ = {isa = PBXFileReference; explicitFileType = wrapper.cfbundle; includeInIndex = 0; path = githubTestTests.xctest; sourceTree = BUILT_PRODUCTS_DIR; };
		B84679B91B0B97590078A32D /* Info.plist */ = {isa = PBXFileReference; lastKnownFileType = text.plist.xml; path = Info.plist; sourceTree = "<group>"; };
		B84679BA1B0B97590078A32D /* githubTestTests.m */ = {isa = PBXFileReference; lastKnownFileType = sourcecode.c.objc; path = githubTestTests.m; sourceTree = "<group>"; };
/* End PBXFileReference section */

/* Begin PBXFrameworksBuildPhase section */
		B84679981B0B97590078A32D /* Frameworks */ = {
			isa = PBXFrameworksBuildPhase;
			buildActionMask = 2147483647;
			files = (
			);
			runOnlyForDeploymentPostprocessing = 0;
		};
		B84679B11B0B97590078A32D /* Frameworks */ = {
			isa = PBXFrameworksBuildPhase;
			buildActionMask = 2147483647;
			files = (
			);
			runOnlyForDeploymentPostprocessing = 0;
		};
/* End PBXFrameworksBuildPhase section */

/* Begin PBXGroup section */
		B84679921B0B97590078A32D = {
			isa = PBXGroup;
			children = (
				B846799D1B0B97590078A32D /* githubTest */,
				B84679B71B0B97590078A32D /* githubTestTests */,
				B846799C1B0B97590078A32D /* Products */,
			);
			sourceTree = "<group>";
		};
		B846799C1B0B97590078A32D /* Products */ = {
			isa = PBXGroup;
			children = (
				B846799B1B0B97590078A32D /* githubTest.app */,
				B84679B41B0B97590078A32D /* githubTestTests.xctest */,
			);
			name = Products;
			sourceTree = "<group>";
		};
		B846799D1B0B97590078A32D /* githubTest */ = {
			isa = PBXGroup;
			children = (
				B84679A21B0B97590078A32D /* AppDelegate.h */,
				B84679A31B0B97590078A32D /* AppDelegate.m */,
				B84679A51B0B97590078A32D /* ViewController.h */,
				B84679A61B0B97590078A32D /* ViewController.m */,
				B84679A81B0B97590078A32D /* Main.storyboard */,
				B84679AB1B0B97590078A32D /* Images.xcassets */,
				B84679AD1B0B97590078A32D /* LaunchScreen.xib */,
				B846799E1B0B97590078A32D /* Supporting Files */,
			);
			path = githubTest;
			sourceTree = "<group>";
		};
		B846799E1B0B97590078A32D /* Supporting Files */ = {
			isa = PBXGroup;
			children = (
				B846799F1B0B97590078A32D /* Info.plist */,
				B84679A01B0B97590078A32D /* main.m */,
			);
			name = "Supporting Files";
			sourceTree = "<group>";
		};
		B84679B71B0B97590078A32D /* githubTestTests */ = {
			isa = PBXGroup;
			children = (
				B84679BA1B0B97590078A32D /* githubTestTests.m */,
				B84679B81B0B97590078A32D /* Supporting Files */,
			);
			path = githubTestTests;
			sourceTree = "<group>";
		};
		B84679B81B0B97590078A32D /* Supporting Files */ = {
			isa = PBXGroup;
			children = (
				B84679B91B0B97590078A32D /* Info.plist */,
			);
			name = "Supporting Files";
			sourceTree = "<group>";
		};
/* End PBXGroup section */

/* Begin PBXNativeTarget section */
		B846799A1B0B97590078A32D /* githubTest */ = {
			isa = PBXNativeTarget;
			buildConfigurationList = B84679BE1B0B975A0078A32D /* Build configuration list for PBXNativeTarget "githubTest" */;
			buildPhases = (
				B84679971B0B97590078A32D /* Sources */,
				B84679981B0B97590078A32D /* Frameworks */,
				B84679991B0B97590078A32D /* Resources */,
			);
			buildRules = (
			);
			dependencies = (
			);
			name = githubTest;
			productName = githubTest;
			productReference = B846799B1B0B97590078A32D /* githubTest.app */;
			productType = "com.apple.product-type.application";
		};
		B84679B31B0B97590078A32D /* githubTestTests */ = {
			isa = PBXNativeTarget;
			buildConfigurationList = B84679C11B0B975A0078A32D /* Build configuration list for PBXNativeTarget "githubTestTests" */;
			buildPhases = (
				B84679B01B0B97590078A32D /* Sources */,
				B84679B11B0B97590078A32D /* Frameworks */,
				B84679B21B0B97590078A32D /* Resources */,
			);
			buildRules = (
			);
			dependencies = (
				B84679B61B0B97590078A32D /* PBXTargetDependency */,
			);
			name = githubTestTests;
			productName = githubTestTests;
			productReference = B84679B41B0B97590078A32D /* githubTestTests.xctest */;
			productType = "com.apple.product-type.bundle.unit-test";
		};
/* End PBXNativeTarget section */

/* Begin PBXProject section */
		B84679931B0B97590078A32D /* Project object */ = {
			isa = PBXProject;
			attributes = {
				LastUpgradeCheck = 0630;
				ORGANIZATIONNAME = peng;
				TargetAttributes = {
					B846799A1B0B97590078A32D = {
						CreatedOnToolsVersion = 6.3.1;
					};
					B84679B31B0B97590078A32D = {
						CreatedOnToolsVersion = 6.3.1;
						TestTargetID = B846799A1B0B97590078A32D;
					};
				};
			};
			buildConfigurationList = B84679961B0B97590078A32D /* Build configuration list for PBXProject "githubTest" */;
			compatibilityVersion = "Xcode 3.2";
			developmentRegion = English;
			hasScannedForEncodings = 0;
			knownRegions = (
				en,
				Base,
			);
			mainGroup = B84679921B0B97590078A32D;
			productRefGroup = B846799C1B0B97590078A32D /* Products */;
			projectDirPath = "";
			projectRoot = "";
			targets = (
				B846799A1B0B97590078A32D /* githubTest */,
				B84679B31B0B97590078A32D /* githubTestTests */,
			);
		};
/* End PBXProject section */

/* Begin PBXResourcesBuildPhase section */
		B84679991B0B97590078A32D /* Resources */ = {
			isa = PBXResourcesBuildPhase;
			buildActionMask = 2147483647;
			files = (
				B84679AA1B0B97590078A32D /* Main.storyboard in Resources */,
				B84679AF1B0B97590078A32D /* LaunchScreen.xib in Resources */,
				B84679AC1B0B97590078A32D /* Images.xcassets in Resources */,
			);
			runOnlyForDeploymentPostprocessing = 0;
		};
		B84679B21B0B97590078A32D /* Resources */ = {
			isa = PBXResourcesBuildPhase;
			buildActionMask = 2147483647;
			files = (
			);
			runOnlyForDeploymentPostprocessing = 0;
		};
/* End PBXResourcesBuildPhase section */

/* Begin PBXSourcesBuildPhase section */
		B84679971B0B97590078A32D /* Sources */ = {
			isa = PBXSourcesBuildPhase;
			buildActionMask = 2147483647;
			files = (
				B84679A71B0B97590078A32D /* ViewController.m in Sources */,
				B84679A41B0B97590078A32D /* AppDelegate.m in Sources */,
				B84679A11B0B97590078A32D /* main.m in Sources */,
			);
			runOnlyForDeploymentPostprocessing = 0;
		};
		B84679B01B0B97590078A32D /* Sources */ = {
			isa = PBXSourcesBuildPhase;
			buildActionMask = 2147483647;
			files = (
				B84679BB1B0B97590078A32D /* githubTestTests.m in Sources */,
			);
			runOnlyForDeploymentPostprocessing = 0;
		};
/* End PBXSourcesBuildPhase section */

/* Begin PBXTargetDependency section */
		B84679B61B0B97590078A32D /* PBXTargetDependency */ = {
			isa = PBXTargetDependency;
			target = B846799A1B0B97590078A32D /* githubTest */;
			targetProxy = B84679B51B0B97590078A32D /* PBXContainerItemProxy */;
		};
/* End PBXTargetDependency section */

/* Begin PBXVariantGroup section */
		B84679A81B0B97590078A32D /* Main.storyboard */ = {
			isa = PBXVariantGroup;
			children = (
				B84679A91B0B97590078A32D /* Base */,
			);
			name = Main.storyboard;
			sourceTree = "<group>";
		};
		B84679AD1B0B97590078A32D /* LaunchScreen.xib */ = {
			isa = PBXVariantGroup;
			children = (
				B84679AE1B0B97590078A32D /* Base */,
			);
			name = LaunchScreen.xib;
			sourceTree = "<group>";
		};
/* End PBXVariantGroup section */

/* Begin XCBuildConfiguration section */
		B84679BC1B0B97590078A32D /* Debug */ = {
			isa = XCBuildConfiguration;
			buildSettings = {
				ALWAYS_SEARCH_USER_PATHS = NO;
				CLANG_CXX_LANGUAGE_STANDARD = "gnu++0x";
				CLANG_CXX_LIBRARY = "libc++";
				CLANG_ENABLE_MODULES = YES;
				CLANG_ENABLE_OBJC_ARC = YES;
				CLANG_WARN_BOOL_CONVERSION = YES;
				CLANG_WARN_CONSTANT_CONVERSION = YES;
				CLANG_WARN_DIRECT_OBJC_ISA_USAGE = YES_ERROR;
				CLANG_WARN_EMPTY_BODY = YES;
				CLANG_WARN_ENUM_CONVERSION = YES;
				CLANG_WARN_INT_CONVERSION = YES;
				CLANG_WARN_OBJC_ROOT_CLASS = YES_ERROR;
				CLANG_WARN_UNREACHABLE_CODE = YES;
				CLANG_WARN__DUPLICATE_METHOD_MATCH = YES;
				"CODE_SIGN_IDENTITY[sdk=iphoneos*]" = "iPhone Developer";
				COPY_PHASE_STRIP = NO;
				DEBUG_INFORMATION_FORMAT = "dwarf-with-dsym";
				ENABLE_STRICT_OBJC_MSGSEND = YES;
				GCC_C_LANGUAGE_STANDARD = gnu99;
				GCC_DYNAMIC_NO_PIC = NO;
				GCC_NO_COMMON_BLOCKS = YES;
				GCC_OPTIMIZATION_LEVEL = 0;
				GCC_PREPROCESSOR_DEFINITIONS = (
					"DEBUG=1",
					"$(inherited)",
				);
				GCC_SYMBOLS_PRIVATE_EXTERN = NO;
				GCC_WARN_64_TO_32_BIT_CONVERSION = YES;
				GCC_WARN_ABOUT_RETURN_TYPE = YES_ERROR;
				GCC_WARN_UNDECLARED_SELECTOR = YES;
				GCC_WARN_UNINITIALIZED_AUTOS = YES_AGGRESSIVE;
				GCC_WARN_UNUSED_FUNCTION = YES;
				GCC_WARN_UNUSED_VARIABLE = YES;
				IPHONEOS_DEPLOYMENT_TARGET = 8.3;
				MTL_ENABLE_DEBUG_INFO = YES;
				ONLY_ACTIVE_ARCH = YES;
				SDKROOT = iphoneos;
				TARGETED_DEVICE_FAMILY = "1,2";
			};
			name = Debug;
		};
		B84679BD1B0B97590078A32D /* Release */ = {
			isa = XCBuildConfiguration;
			buildSettings = {
				ALWAYS_SEARCH_USER_PATHS = NO;
				CLANG_CXX_LANGUAGE_STANDARD = "gnu++0x";
				CLANG_CXX_LIBRARY = "libc++";
				CLANG_ENABLE_MODULES = YES;
				CLANG_ENABLE_OBJC_ARC = YES;
				CLANG_WARN_BOOL_CONVERSION = YES;
				CLANG_WARN_CONSTANT_CONVERSION = YES;
				CLANG_WARN_DIRECT_OBJC_ISA_USAGE = YES_ERROR;
				CLANG_WARN_EMPTY_BODY = YES;
				CLANG_WARN_ENUM_CONVERSION = YES;
				CLANG_WARN_INT_CONVERSION = YES;
				CLANG_WARN_OBJC_ROOT_CLASS = YES_ERROR;
				CLANG_WARN_UNREACHABLE_CODE = YES;
				CLANG_WARN__DUPLICATE_METHOD_MATCH = YES;
				"CODE_SIGN_IDENTITY[sdk=iphoneos*]" = "iPhone Developer";
				COPY_PHASE_STRIP = NO;
				DEBUG_INFORMATION_FORMAT = "dwarf-with-dsym";
				ENABLE_NS_ASSERTIONS = NO;
				ENABLE_STRICT_OBJC_MSGSEND = YES;
				GCC_C_LANGUAGE_STANDARD = gnu99;
				GCC_NO_COMMON_BLOCKS = YES;
				GCC_WARN_64_TO_32_BIT_CONVERSION = YES;
				GCC_WARN_ABOUT_RETURN_TYPE = YES_ERROR;
				GCC_WARN_UNDECLARED_SELECTOR = YES;
				GCC_WARN_UNINITIALIZED_AUTOS = YES_AGGRESSIVE;
				GCC_WARN_UNUSED_FUNCTION = YES;
				GCC_WARN_UNUSED_VARIABLE = YES;
				IPHONEOS_DEPLOYMENT_TARGET = 8.3;
				MTL_ENABLE_DEBUG_INFO = NO;
				SDKROOT = iphoneos;
				TARGETED_DEVICE_FAMILY = "1,2";
				VALIDATE_PRODUCT = YES;
			};
			name = Release;
		};
		B84679BF1B0B975A0078A32D /* Debug */ = {
			isa = XCBuildConfiguration;
			buildSettings = {
				ASSETCATALOG_COMPILER_APPICON_NAME = AppIcon;
				INFOPLIST_FILE = githubTest/Info.plist;
				LD_RUNPATH_SEARCH_PATHS = "$(inherited) @executable_path/Frameworks";
				PRODUCT_NAME = "$(TARGET_NAME)";
			};
			name = Debug;
		};
		B84679C01B0B975A0078A32D /* Release */ = {
			isa = XCBuildConfiguration;
			buildSettings = {
				ASSETCATALOG_COMPILER_APPICON_NAME = AppIcon;
				INFOPLIST_FILE = githubTest/Info.plist;
				LD_RUNPATH_SEARCH_PATHS = "$(inherited) @executable_path/Frameworks";
				PRODUCT_NAME = "$(TARGET_NAME)";
			};
			name = Release;
		};
		B84679C21B0B975A0078A32D /* Debug */ = {
			isa = XCBuildConfiguration;
			buildSettings = {
				BUNDLE_LOADER = "$(TEST_HOST)";
				FRAMEWORK_SEARCH_PATHS = (
					"$(SDKROOT)/Developer/Library/Frameworks",
					"$(inherited)",
				);
				GCC_PREPROCESSOR_DEFINITIONS = (
					"DEBUG=1",
					"$(inherited)",
				);
				INFOPLIST_FILE = githubTestTests/Info.plist;
				LD_RUNPATH_SEARCH_PATHS = "$(inherited) @executable_path/Frameworks @loader_path/Frameworks";
				PRODUCT_NAME = "$(TARGET_NAME)";
				TEST_HOST = "$(BUILT_PRODUCTS_DIR)/githubTest.app/githubTest";
			};
			name = Debug;
		};
		B84679C31B0B975A0078A32D /* Release */ = {
			isa = XCBuildConfiguration;
			buildSettings = {
				BUNDLE_LOADER = "$(TEST_HOST)";
				FRAMEWORK_SEARCH_PATHS = (
					"$(SDKROOT)/Developer/Library/Frameworks",
					"$(inherited)",
				);
				INFOPLIST_FILE = githubTestTests/Info.plist;
				LD_RUNPATH_SEARCH_PATHS = "$(inherited) @executable_path/Frameworks @loader_path/Frameworks";
				PRODUCT_NAME = "$(TARGET_NAME)";
				TEST_HOST = "$(BUILT_PRODUCTS_DIR)/githubTest.app/githubTest";
			};
			name = Release;
		};
/* End XCBuildConfiguration section */

/* Begin XCConfigurationList section */
		B84679961B0B97590078A32D /* Build configuration list for PBXProject "githubTest" */ = {
			isa = XCConfigurationList;
			buildConfigurations = (
				B84679BC1B0B97590078A32D /* Debug */,
				B84679BD1B0B97590078A32D /* Release */,
			);
			defaultConfigurationIsVisible = 0;
			defaultConfigurationName = Release;
		};
		B84679BE1B0B975A0078A32D /* Build configuration list for PBXNativeTarget "githubTest" */ = {
			isa = XCConfigurationList;
			buildConfigurations = (
				B84679BF1B0B975A0078A32D /* Debug */,
				B84679C01B0B975A0078A32D /* Release */,
			);
			defaultConfigurationIsVisible = 0;
		};
		B84679C11B0B975A0078A32D /* Build configuration list for PBXNativeTarget "githubTestTests" */ = {
			isa = XCConfigurationList;
			buildConfigurations = (
				B84679C21B0B975A0078A32D /* Debug */,
				B84679C31B0B975A0078A32D /* Release */,
			);
			defaultConfigurationIsVisible = 0;
		};
/* End XCConfigurationList section */
	};
	rootObject = B84679931B0B97590078A32D /* Project object */;
}
